// !$*UTF8*$!
{
	archiveVersion = 1;
	classes = {
	};
	objectVersion = 46;
	objects = {

/* Begin PBXBuildFile section */
		D14DE6691CA73730004966D2 /* AppDelegate.swift in Sources */ = {isa = PBXBuildFile; fileRef = D14DE6681CA73730004966D2 /* AppDelegate.swift */; };
		D14DE66B1CA73730004966D2 /* ViewController.swift in Sources */ = {isa = PBXBuildFile; fileRef = D14DE66A1CA73730004966D2 /* ViewController.swift */; };
		D14DE66E1CA73730004966D2 /* Main.storyboard in Resources */ = {isa = PBXBuildFile; fileRef = D14DE66C1CA73730004966D2 /* Main.storyboard */; };
		D14DE6701CA73730004966D2 /* Assets.xcassets in Resources */ = {isa = PBXBuildFile; fileRef = D14DE66F1CA73730004966D2 /* Assets.xcassets */; };
		D14DE6731CA73730004966D2 /* LaunchScreen.storyboard in Resources */ = {isa = PBXBuildFile; fileRef = D14DE6711CA73730004966D2 /* LaunchScreen.storyboard */; };
/* End PBXBuildFile section */

/* Begin PBXFileReference section */
		D14DE6651CA7372F004966D2 /* Seques Example.app */ = {isa = PBXFileReference; explicitFileType = wrapper.application; includeInIndex = 0; path = "Seques Example.app"; sourceTree = BUILT_PRODUCTS_DIR; };
		D14DE6681CA73730004966D2 /* AppDelegate.swift */ = {isa = PBXFileReference; lastKnownFileType = sourcecode.swift; path = AppDelegate.swift; sourceTree = "<group>"; };
		D14DE66A1CA73730004966D2 /* ViewController.swift */ = {isa = PBXFileReference; lastKnownFileType = sourcecode.swift; path = ViewController.swift; sourceTree = "<group>"; };
		D14DE66D1CA73730004966D2 /* Base */ = {isa = PBXFileReference; lastKnownFileType = file.storyboard; name = Base; path = Base.lproj/Main.storyboard; sourceTree = "<group>"; };
		D14DE66F1CA73730004966D2 /* Assets.xcassets */ = {isa = PBXFileReference; lastKnownFileType = folder.assetcatalog; path = Assets.xcassets; sourceTree = "<group>"; };
		D14DE6721CA73730004966D2 /* Base */ = {isa = PBXFileReference; lastKnownFileType = file.storyboard; name = Base; path = Base.lproj/LaunchScreen.storyboard; sourceTree = "<group>"; };
		D14DE6741CA73730004966D2 /* Info.plist */ = {isa = PBXFileReference; lastKnownFileType = text.plist.xml; path = Info.plist; sourceTree = "<group>"; };
/* End PBXFileReference section */

/* Begin PBXFrameworksBuildPhase section */
		D14DE6621CA7372F004966D2 /* Frameworks */ = {
			isa = PBXFrameworksBuildPhase;
			buildActionMask = 2147483647;
			files = (
			);
			runOnlyForDeploymentPostprocessing = 0;
		};
/* End PBXFrameworksBuildPhase section */

/* Begin PBXGroup section */
		D14DE65C1CA7372F004966D2 = {
			isa = PBXGroup;
			children = (
				D14DE6671CA73730004966D2 /* Seques Example */,
				D14DE6661CA7372F004966D2 /* Products */,
			);
			sourceTree = "<group>";
		};
		D14DE6661CA7372F004966D2 /* Products */ = {
			isa = PBXGroup;
			children = (
				D14DE6651CA7372F004966D2 /* Seques Example.app */,
			);
			name = Products;
			sourceTree = "<group>";
		};
		D14DE6671CA73730004966D2 /* Seques Example */ = {
			isa = PBXGroup;
			children = (
				D14DE6681CA73730004966D2 /* AppDelegate.swift */,
				D14DE66A1CA73730004966D2 /* ViewController.swift */,
				D14DE66C1CA73730004966D2 /* Main.storyboard */,
				D14DE66F1CA73730004966D2 /* Assets.xcassets */,
				D14DE6711CA73730004966D2 /* LaunchScreen.storyboard */,
				D14DE6741CA73730004966D2 /* Info.plist */,
			);
			path = "Seques Example";
			sourceTree = "<group>";
		};
/* End PBXGroup section */

/* Begin PBXNativeTarget section */
		D14DE6641CA7372F004966D2 /* Seques Example */ = {
			isa = PBXNativeTarget;
			buildConfigurationList = D14DE6771CA73730004966D2 /* Build configuration list for PBXNativeTarget "Seques Example" */;
			buildPhases = (
				D14DE6611CA7372F004966D2 /* Sources */,
				D14DE6621CA7372F004966D2 /* Frameworks */,
				D14DE6631CA7372F004966D2 /* Resources */,
			);
			buildRules = (
			);
			dependencies = (
			);
			name = "Seques Example";
			productName = "Seques Example";
			productReference = D14DE6651CA7372F004966D2 /* Seques Example.app */;
			productType = "com.apple.product-type.application";
		};
/* End PBXNativeTarget section */

/* Begin PBXProject section */
		D14DE65D1CA7372F004966D2 /* Project object */ = {
			isa = PBXProject;
			attributes = {
				LastSwiftUpdateCheck = 0730;
				LastUpgradeCheck = 0730;
				ORGANIZATIONNAME = "Sedatcan Sonat";
				TargetAttributes = {
					D14DE6641CA7372F004966D2 = {
						CreatedOnToolsVersion = 7.3;
						DevelopmentTeam = 87DTYQL8ZM;
					};
				};
			};
			buildConfigurationList = D14DE6601CA7372F004966D2 /* Build configuration list for PBXProject "Seques Example" */;
			compatibilityVersion = "Xcode 3.2";
			developmentRegion = English;
			hasScannedForEncodings = 0;
			knownRegions = (
				en,
				Base,
			);
			mainGroup = D14DE65C1CA7372F004966D2;
			productRefGroup = D14DE6661CA7372F004966D2 /* Products */;
			projectDirPath = "";
			projectRoot = "";
			targets = (
				D14DE6641CA7372F004966D2 /* Seques Example */,
			);
		};
/* End PBXProject section */

/* Begin PBXResourcesBuildPhase section */
		D14DE6631CA7372F004966D2 /* Resources */ = {
			isa = PBXResourcesBuildPhase;
			buildActionMask = 2147483647;
			files = (
				D14DE6731CA73730004966D2 /* LaunchScreen.storyboard in Resources */,
				D14DE6701CA73730004966D2 /* Assets.xcassets in Resources */,
				D14DE66E1CA73730004966D2 /* Main.storyboard in Resources */,
			);
			runOnlyForDeploymentPostprocessing = 0;
		};
/* End PBXResourcesBuildPhase section */

/* Begin PBXSourcesBuildPhase section */
		D14DE6611CA7372F004966D2 /* Sources */ = {
			isa = PBXSourcesBuildPhase;
			buildActionMask = 2147483647;
			files = (
				D14DE66B1CA73730004966D2 /* ViewController.swift in Sources */,
				D14DE6691CA73730004966D2 /* AppDelegate.swift in Sources */,
			);
			runOnlyForDeploymentPostprocessing = 0;
		};
/* End PBXSourcesBuildPhase section */

/* Begin PBXVariantGroup section */
		D14DE66C1CA73730004966D2 /* Main.storyboard */ = {
			isa = PBXVariantGroup;
			children = (
				D14DE66D1CA73730004966D2 /* Base */,
			);
			name = Main.storyboard;
			sourceTree = "<group>";
		};
		D14DE6711CA73730004966D2 /* LaunchScreen.storyboard */ = {
			isa = PBXVariantGroup;
			children = (
				D14DE6721CA73730004966D2 /* Base */,
			);
			name = LaunchScreen.storyboard;
			sourceTree = "<group>";
		};
/* End PBXVariantGroup section */

/* Begin XCBuildConfiguration section */
		D14DE6751CA73730004966D2 /* Debug */ = {
			isa = XCBuildConfiguration;
			buildSettings = {
				ALWAYS_SEARCH_USER_PATHS = NO;
				CLANG_ANALYZER_NONNULL = YES;
				CLANG_CXX_LANGUAGE_STANDARD = "gnu++0x";
				CLANG_CXX_LIBRARY = "libc++";
				CLANG_ENABLE_MODULES = YES;
				CLANG_ENABLE_OBJC_ARC = YES;
				CLANG_WARN_BOOL_CONVERSION = YES;
				CLANG_WARN_CONSTANT_CONVERSION = YES;
				CLANG_WARN_DIRECT_OBJC_ISA_USAGE = YES_ERROR;
				CLANG_WARN_EMPTY_BODY = YES;
				CLANG_WARN_ENUM_CONVERSION = YES;
				CLANG_WARN_INT_CONVERSION = YES;
				CLANG_WARN_OBJC_ROOT_CLASS = YES_ERROR;
				CLANG_WARN_UNREACHABLE_CODE = YES;
				CLANG_WARN__DUPLICATE_METHOD_MATCH = YES;
				"CODE_SIGN_IDENTITY[sdk=iphoneos*]" = "iPhone Developer";
				COPY_PHASE_STRIP = NO;
				DEBUG_INFORMATION_FORMAT = dwarf;
				ENABLE_STRICT_OBJC_MSGSEND = YES;
				ENABLE_TESTABILITY = YES;
				GCC_C_LANGUAGE_STANDARD = gnu99;
				GCC_DYNAMIC_NO_PIC = NO;
				GCC_NO_COMMON_BLOCKS = YES;
				GCC_OPTIMIZATION_LEVEL = 0;
				GCC_PREPROCESSOR_DEFINITIONS = (
					"DEBUG=1",
					"$(inherited)",
				);
				GCC_WARN_64_TO_32_BIT_CONVERSION = YES;
				GCC_WARN_ABOUT_RETURN_TYPE = YES_ERROR;
				GCC_WARN_UNDECLARED_SELECTOR = YES;
				GCC_WARN_UNINITIALIZED_AUTOS = YES_AGGRESSIVE;
				GCC_WARN_UNUSED_FUNCTION = YES;
				GCC_WARN_UNUSED_VARIABLE = YES;
				IPHONEOS_DEPLOYMENT_TARGET = 9.3;
				MTL_ENABLE_DEBUG_INFO = YES;
				ONLY_ACTIVE_ARCH = YES;
				SDKROOT = iphoneos;
				SWIFT_OPTIMIZATION_LEVEL = "-Onone";
			};
			name = Debug;
		};
		D14DE6761CA73730004966D2 /* Release */ = {
			isa = XCBuildConfiguration;
			buildSettings = {
				ALWAYS_SEARCH_USER_PATHS = NO;
				CLANG_ANALYZER_NONNULL = YES;
				CLANG_CXX_LANGUAGE_STANDARD = "gnu++0x";
				CLANG_CXX_LIBRARY = "libc++";
				CLANG_ENABLE_MODULES = YES;
				CLANG_ENABLE_OBJC_ARC = YES;
				CLANG_WARN_BOOL_CONVERSION = YES;
				CLANG_WARN_CONSTANT_CONVERSION = YES;
				CLANG_WARN_DIRECT_OBJC_ISA_USAGE = YES_ERROR;
				CLANG_WARN_EMPTY_BODY = YES;
				CLANG_WARN_ENUM_CONVERSION = YES;
				CLANG_WARN_INT_CONVERSION = YES;
				CLANG_WARN_OBJC_ROOT_CLASS = YES_ERROR;
				CLANG_WARN_UNREACHABLE_CODE = YES;
				CLANG_WARN__DUPLICATE_METHOD_MATCH = YES;
				"CODE_SIGN_IDENTITY[sdk=iphoneos*]" = "iPhone Developer";
				COPY_PHASE_STRIP = NO;
				DEBUG_INFORMATION_FORMAT = "dwarf-with-dsym";
				ENABLE_NS_ASSERTIONS = NO;
				ENABLE_STRICT_OBJC_MSGSEND = YES;
				GCC_C_LANGUAGE_STANDARD = gnu99;
				GCC_NO_COMMON_BLOCKS = YES;
				GCC_WARN_64_TO_32_BIT_CONVERSION = YES;
				GCC_WARN_ABOUT_RETURN_TYPE = YES_ERROR;
				GCC_WARN_UNDECLARED_SELECTOR = YES;
				GCC_WARN_UNINITIALIZED_AUTOS = YES_AGGRESSIVE;
				GCC_WARN_UNUSED_FUNCTION = YES;
				GCC_WARN_UNUSED_VARIABLE = YES;
				IPHONEOS_DEPLOYMENT_TARGET = 9.3;
				MTL_ENABLE_DEBUG_INFO = NO;
				SDKROOT = iphoneos;
				VALIDATE_PRODUCT = YES;
			};
			name = Release;
		};
		D14DE6781CA73730004966D2 /* Debug */ = {
			isa = XCBuildConfiguration;
			buildSettings = {
				ASSETCATALOG_COMPILER_APPICON_NAME = AppIcon;
				INFOPLIST_FILE = "Seques Example/Info.plist";
				LD_RUNPATH_SEARCH_PATHS = "$(inherited) @executable_path/Frameworks";
				PRODUCT_BUNDLE_IDENTIFIER = "com.sedatcans.Seques-Example";
				PRODUCT_NAME = "$(TARGET_NAME)";
			};
			name = Debug;
		};
		D14DE6791CA73730004966D2 /* Release */ = {
			isa = XCBuildConfiguration;
			buildSettings = {
				ASSETCATALOG_COMPILER_APPICON_NAME = AppIcon;
				INFOPLIST_FILE = "Seques Example/Info.plist";
				LD_RUNPATH_SEARCH_PATHS = "$(inherited) @executable_path/Frameworks";
				PRODUCT_BUNDLE_IDENTIFIER = "com.sedatcans.Seques-Example";
				PRODUCT_NAME = "$(TARGET_NAME)";
			};
			name = Release;
		};
/* End XCBuildConfiguration section */

/* Begin XCConfigurationList section */
		D14DE6601CA7372F004966D2 /* Build configuration list for PBXProject "Seques Example" */ = {
			isa = XCConfigurationList;
			buildConfigurations = (
				D14DE6751CA73730004966D2 /* Debug */,
				D14DE6761CA73730004966D2 /* Release */,
			);
			defaultConfigurationIsVisible = 0;
			defaultConfigurationName = Release;
		};
		D14DE6771CA73730004966D2 /* Build configuration list for PBXNativeTarget "Seques Example" */ = {
			isa = XCConfigurationList;
			buildConfigurations = (
				D14DE6781CA73730004966D2 /* Debug */,
				D14DE6791CA73730004966D2 /* Release */,
			);
			defaultConfigurationIsVisible = 0;
		};
/* End XCConfigurationList section */
	};
	rootObject = D14DE65D1CA7372F004966D2 /* Project object */;
}
